
Microsoft Visual Studio Solution File, Format Version 12.00
# Visual Studio Version 16
VisualStudioVersion = 16.0.29306.81
MinimumVisualStudioVersion = 10.0.40219.1
Project("{9A19103F-16F7-4668-BE54-9A1E7A4F7556}") = "DeliciousRestaurant.Domain", "Domain\DeliciousRestaurant.Domain\DeliciousRestaurant.Domain.csproj", "{03BEFDF4-7BC3-4379-8D60-002075DB8805}"
EndProject
Project("{9A19103F-16F7-4668-BE54-9A1E7A4F7556}") = "DeliciousRestaurant.Infrastructure", "Infrastructure\DeliciousRestaurant.Infrastructure\DeliciousRestaurant.Infrastructure.csproj", "{24B236CF-5583-4B8B-8BD1-E7178066D290}"
EndProject
Project("{9A19103F-16F7-4668-BE54-9A1E7A4F7556}") = "DeliciousRestaurant.IoC", "IoC\DeliciousRestaurant.IoC\DeliciousRestaurant.IoC.csproj", "{7F5AFAEF-0B5B-4509-AAC8-E75025FC4EC7}"
EndProject
Project("{9A19103F-16F7-4668-BE54-9A1E7A4F7556}") = "DeliciousRestaurant.Persistence", "Persistence\DeliciousRestaurant.Persistence\DeliciousRestaurant.Persistence.csproj", "{E93D4BC9-015E-4297-8942-F1C3194CCD99}"
EndProject
Project("{9A19103F-16F7-4668-BE54-9A1E7A4F7556}") = "DeliciousRestaurant.Tests", "DeliciousRestaurant.Tests\DeliciousRestaurant.Tests.csproj", "{E047C377-4D60-4FE5-B3F2-301048114E75}"
EndProject
Project("{9A19103F-16F7-4668-BE54-9A1E7A4F7556}") = "DeliciousRestaurant.API", "API\DeliciousRestaurant.API\DeliciousRestaurant.API.csproj", "{274E45A1-5692-46E6-BB50-5FCCB690C5C9}"
EndProject
Project("{2150E333-8FDC-42A3-9474-1A3956D46DE8}") = "Application", "Application", "{7A969EF1-ACEA-4E2B-83D7-D1E0AD3746A2}"
EndProject
Project("{9A19103F-16F7-4668-BE54-9A1E7A4F7556}") = "DeliciousRestaurant.Application", "Application\DeliciousRestaurant.Application\DeliciousRestaurant.Application.csproj", "{EB891373-CAF6-407C-AF72-DC89DCD7D68E}"
EndProject
Project("{9A19103F-16F7-4668-BE54-9A1E7A4F7556}") = "DeliciousRestaurant.Application.Test", "Application\DeliciousRestaurant.Application.Test\DeliciousRestaurant.Application.Test.csproj", "{DD6C04ED-0C9F-4C35-8B68-AFF453497175}"
EndProject
Project("{2150E333-8FDC-42A3-9474-1A3956D46DE8}") = "API", "API", "{FF4C061E-FCE7-41E8-B2FA-F6F00A643159}"
EndProject
Project("{2150E333-8FDC-42A3-9474-1A3956D46DE8}") = "Domain", "Domain", "{FF4C061E-FCE7-41E8-B2FA-F6F00A643150}"
EndProject
Project("{2150E333-8FDC-42A3-9474-1A3956D46DE8}") = "Infrastructure", "Infrastructure", "{FF4C061E-FCE7-41E8-B2FA-F6F00A643151}"
EndProject
Project("{2150E333-8FDC-42A3-9474-1A3956D46DE8}") = "IoC", "IoC", "{FF4C061E-FCE7-41E8-B2FA-F6F00A643152}"
EndProject
Project("{2150E333-8FDC-42A3-9474-1A3956D46DE8}") = "Persistence", "Persistence", "{FF4C061E-FCE7-41E8-B2FA-F6F00A643153}"
EndProject
Project("{FAE04EC0-301F-11D3-BF4B-00C04F79EFBC}") = "DeliciousRestaurant.Server.Test", "API\DeliciousRestaurant.Server.Test\DeliciousRestaurant.Server.Test.csproj", "{3ABC6EE5-30C0-49C1-8182-674C11F324FB}"
EndProject
Project("{FAE04EC0-301F-11D3-BF4B-00C04F79EFBC}") = "DeliciousRestaurant.Domain.Test", "Domain\DeliciousRestaurant.Domain.Test\DeliciousRestaurant.Domain.Test.csproj", "{E753D06A-49AE-4AC1-979B-E9F63C3CB03A}"
EndProject
Project("{FAE04EC0-301F-11D3-BF4B-00C04F79EFBC}") = "DeliciousRestaurant.Infrastructure.Test", "Infrastructure\DeliciousRestaurant.Infrastructure.Test\DeliciousRestaurant.Infrastructure.Test.csproj", "{DBADE4DE-343E-48D7-B0B2-1B2F91877D0D}"
EndProject
Project("{FAE04EC0-301F-11D3-BF4B-00C04F79EFBC}") = "DeliciousRestaurant.IoC.Test", "IoC\DeliciousRestaurant.IoC.Test\DeliciousRestaurant.IoC.Test.csproj", "{DF1806FC-DD75-45B7-96EA-E81B9A63EE38}"
EndProject
Project("{FAE04EC0-301F-11D3-BF4B-00C04F79EFBC}") = "DeliciousRestaurant.Persistence.Test", "Persistence\DeliciousRestaurant.Persistence.Test\DeliciousRestaurant.Persistence.Test.csproj", "{9F5E8D9C-5753-40AC-8990-01F7294576DB}"
EndProject
Global
	GlobalSection(SolutionConfigurationPlatforms) = preSolution
		Debug|Any CPU = Debug|Any CPU
		Release|Any CPU = Release|Any CPU
	EndGlobalSection
	GlobalSection(ProjectConfigurationPlatforms) = postSolution
		{03BEFDF4-7BC3-4379-8D60-002075DB8805}.Debug|Any CPU.ActiveCfg = Debug|Any CPU
		{03BEFDF4-7BC3-4379-8D60-002075DB8805}.Debug|Any CPU.Build.0 = Debug|Any CPU
		{03BEFDF4-7BC3-4379-8D60-002075DB8805}.Release|Any CPU.ActiveCfg = Release|Any CPU
		{03BEFDF4-7BC3-4379-8D60-002075DB8805}.Release|Any CPU.Build.0 = Release|Any CPU
		{24B236CF-5583-4B8B-8BD1-E7178066D290}.Debug|Any CPU.ActiveCfg = Debug|Any CPU
		{24B236CF-5583-4B8B-8BD1-E7178066D290}.Debug|Any CPU.Build.0 = Debug|Any CPU
		{24B236CF-5583-4B8B-8BD1-E7178066D290}.Release|Any CPU.ActiveCfg = Release|Any CPU
		{24B236CF-5583-4B8B-8BD1-E7178066D290}.Release|Any CPU.Build.0 = Release|Any CPU
		{7F5AFAEF-0B5B-4509-AAC8-E75025FC4EC7}.Debug|Any CPU.ActiveCfg = Debug|Any CPU
		{7F5AFAEF-0B5B-4509-AAC8-E75025FC4EC7}.Debug|Any CPU.Build.0 = Debug|Any CPU
		{7F5AFAEF-0B5B-4509-AAC8-E75025FC4EC7}.Release|Any CPU.ActiveCfg = Release|Any CPU
		{7F5AFAEF-0B5B-4509-AAC8-E75025FC4EC7}.Release|Any CPU.Build.0 = Release|Any CPU
		{E93D4BC9-015E-4297-8942-F1C3194CCD99}.Debug|Any CPU.ActiveCfg = Debug|Any CPU
		{E93D4BC9-015E-4297-8942-F1C3194CCD99}.Debug|Any CPU.Build.0 = Debug|Any CPU
		{E93D4BC9-015E-4297-8942-F1C3194CCD99}.Release|Any CPU.ActiveCfg = Release|Any CPU
		{E93D4BC9-015E-4297-8942-F1C3194CCD99}.Release|Any CPU.Build.0 = Release|Any CPU
		{E047C377-4D60-4FE5-B3F2-301048114E75}.Debug|Any CPU.ActiveCfg = Debug|Any CPU
		{E047C377-4D60-4FE5-B3F2-301048114E75}.Debug|Any CPU.Build.0 = Debug|Any CPU
		{E047C377-4D60-4FE5-B3F2-301048114E75}.Release|Any CPU.ActiveCfg = Release|Any CPU
		{E047C377-4D60-4FE5-B3F2-301048114E75}.Release|Any CPU.Build.0 = Release|Any CPU
		{274E45A1-5692-46E6-BB50-5FCCB690C5C9}.Debug|Any CPU.ActiveCfg = Debug|Any CPU
		{274E45A1-5692-46E6-BB50-5FCCB690C5C9}.Debug|Any CPU.Build.0 = Debug|Any CPU
		{274E45A1-5692-46E6-BB50-5FCCB690C5C9}.Release|Any CPU.ActiveCfg = Release|Any CPU
		{274E45A1-5692-46E6-BB50-5FCCB690C5C9}.Release|Any CPU.Build.0 = Release|Any CPU
		{EB891373-CAF6-407C-AF72-DC89DCD7D68E}.Debug|Any CPU.ActiveCfg = Debug|Any CPU
		{EB891373-CAF6-407C-AF72-DC89DCD7D68E}.Debug|Any CPU.Build.0 = Debug|Any CPU
		{EB891373-CAF6-407C-AF72-DC89DCD7D68E}.Release|Any CPU.ActiveCfg = Release|Any CPU
		{EB891373-CAF6-407C-AF72-DC89DCD7D68E}.Release|Any CPU.Build.0 = Release|Any CPU
		{DD6C04ED-0C9F-4C35-8B68-AFF453497175}.Debug|Any CPU.ActiveCfg = Debug|Any CPU
		{DD6C04ED-0C9F-4C35-8B68-AFF453497175}.Debug|Any CPU.Build.0 = Debug|Any CPU
		{DD6C04ED-0C9F-4C35-8B68-AFF453497175}.Release|Any CPU.ActiveCfg = Release|Any CPU
		{DD6C04ED-0C9F-4C35-8B68-AFF453497175}.Release|Any CPU.Build.0 = Release|Any CPU
		{3ABC6EE5-30C0-49C1-8182-674C11F324FB}.Debug|Any CPU.ActiveCfg = Debug|Any CPU
		{3ABC6EE5-30C0-49C1-8182-674C11F324FB}.Debug|Any CPU.Build.0 = Debug|Any CPU
		{3ABC6EE5-30C0-49C1-8182-674C11F324FB}.Release|Any CPU.ActiveCfg = Release|Any CPU
		{3ABC6EE5-30C0-49C1-8182-674C11F324FB}.Release|Any CPU.Build.0 = Release|Any CPU
		{E753D06A-49AE-4AC1-979B-E9F63C3CB03A}.Debug|Any CPU.ActiveCfg = Debug|Any CPU
		{E753D06A-49AE-4AC1-979B-E9F63C3CB03A}.Debug|Any CPU.Build.0 = Debug|Any CPU
		{E753D06A-49AE-4AC1-979B-E9F63C3CB03A}.Release|Any CPU.ActiveCfg = Release|Any CPU
		{E753D06A-49AE-4AC1-979B-E9F63C3CB03A}.Release|Any CPU.Build.0 = Release|Any CPU
		{DBADE4DE-343E-48D7-B0B2-1B2F91877D0D}.Debug|Any CPU.ActiveCfg = Debug|Any CPU
		{DBADE4DE-343E-48D7-B0B2-1B2F91877D0D}.Debug|Any CPU.Build.0 = Debug|Any CPU
		{DBADE4DE-343E-48D7-B0B2-1B2F91877D0D}.Release|Any CPU.ActiveCfg = Release|Any CPU
		{DBADE4DE-343E-48D7-B0B2-1B2F91877D0D}.Release|Any CPU.Build.0 = Release|Any CPU
		{DF1806FC-DD75-45B7-96EA-E81B9A63EE38}.Debug|Any CPU.ActiveCfg = Debug|Any CPU
		{DF1806FC-DD75-45B7-96EA-E81B9A63EE38}.Debug|Any CPU.Build.0 = Debug|Any CPU
		{DF1806FC-DD75-45B7-96EA-E81B9A63EE38}.Release|Any CPU.ActiveCfg = Release|Any CPU
		{DF1806FC-DD75-45B7-96EA-E81B9A63EE38}.Release|Any CPU.Build.0 = Release|Any CPU
		{9F5E8D9C-5753-40AC-8990-01F7294576DB}.Debug|Any CPU.ActiveCfg = Debug|Any CPU
		{9F5E8D9C-5753-40AC-8990-01F7294576DB}.Debug|Any CPU.Build.0 = Debug|Any CPU
		{9F5E8D9C-5753-40AC-8990-01F7294576DB}.Release|Any CPU.ActiveCfg = Release|Any CPU
		{9F5E8D9C-5753-40AC-8990-01F7294576DB}.Release|Any CPU.Build.0 = Release|Any CPU
	EndGlobalSection
	GlobalSection(SolutionProperties) = preSolution
		HideSolutionNode = FALSE
	EndGlobalSection
	GlobalSection(NestedProjects) = preSolution
		{03BEFDF4-7BC3-4379-8D60-002075DB8805} = {FF4C061E-FCE7-41E8-B2FA-F6F00A643150}
		{24B236CF-5583-4B8B-8BD1-E7178066D290} = {FF4C061E-FCE7-41E8-B2FA-F6F00A643151}
		{7F5AFAEF-0B5B-4509-AAC8-E75025FC4EC7} = {FF4C061E-FCE7-41E8-B2FA-F6F00A643152}
		{E93D4BC9-015E-4297-8942-F1C3194CCD99} = {FF4C061E-FCE7-41E8-B2FA-F6F00A643153}
		{274E45A1-5692-46E6-BB50-5FCCB690C5C9} = {FF4C061E-FCE7-41E8-B2FA-F6F00A643159}
		{EB891373-CAF6-407C-AF72-DC89DCD7D68E} = {7A969EF1-ACEA-4E2B-83D7-D1E0AD3746A2}
		{DD6C04ED-0C9F-4C35-8B68-AFF453497175} = {7A969EF1-ACEA-4E2B-83D7-D1E0AD3746A2}
		{3ABC6EE5-30C0-49C1-8182-674C11F324FB} = {FF4C061E-FCE7-41E8-B2FA-F6F00A643159}
		{E753D06A-49AE-4AC1-979B-E9F63C3CB03A} = {FF4C061E-FCE7-41E8-B2FA-F6F00A643150}
		{DBADE4DE-343E-48D7-B0B2-1B2F91877D0D} = {FF4C061E-FCE7-41E8-B2FA-F6F00A643151}
		{DF1806FC-DD75-45B7-96EA-E81B9A63EE38} = {FF4C061E-FCE7-41E8-B2FA-F6F00A643152}
		{9F5E8D9C-5753-40AC-8990-01F7294576DB} = {FF4C061E-FCE7-41E8-B2FA-F6F00A643153}
	EndGlobalSection
	GlobalSection(ExtensibilityGlobals) = postSolution
		SolutionGuid = {135D873C-04E5-4EDD-81AF-01D633612553}
	EndGlobalSection
EndGlobal
